{
  "version": 4,
  "terraform_version": "0.13.0",
  "serial": 36,
  "lineage": "f03d1946-aaf3-bae5-5939-fb99486a88e2",
  "outputs": {
    "server_public_ip": {
      "value": "50.16.102.228",
      "type": "string"
    }
  },
  "resources": [
    {
      "mode": "data",
      "type": "template_file",
      "name": "script",
      "provider": "provider[\"registry.terraform.io/hashicorp/template\"]",
      "instances": [
        {
          "schema_version": 0,
          "attributes": {
            "filename": null,
            "id": "8fe72a2721c0c877ea1aad1280f876e373b108341c8e58731e5e9deab1f21e21",
            "rendered": "#!/bin/bash\r\nsleep 1m\r\nsudo su - root\r\napt-get update\r\nwget -qO- https://ubuntu.bigbluebutton.org/bbb-install.sh | bash -s -- -v xenial-22 -s bbb1.triple5.in -e scet.moodle@gmail.com -w -g\r\necho \"50.16.102.228 bbb1.triple5.in\" \u003e\u003e /etc/hosts",
            "template": "#!/bin/bash\r\nsleep 1m\r\nsudo su - root\r\napt-get update\r\nwget -qO- https://ubuntu.bigbluebutton.org/bbb-install.sh | bash -s -- -v xenial-22 -s ${url} -e ${email} -w -g\r\necho \"${elasticip} ${url}\" \u003e\u003e /etc/hosts",
            "vars": {
              "elasticip": "50.16.102.228",
              "email": "scet.moodle@gmail.com",
              "region": "us-east-1a",
              "url": "bbb1.triple5.in"
            }
          }
        }
      ]
    },
    {
      "mode": "managed",
      "type": "aws_eip",
      "name": "one",
      "provider": "provider[\"registry.terraform.io/hashicorp/aws\"]",
      "instances": [
        {
          "schema_version": 0,
          "attributes": {
            "allocation_id": null,
            "associate_with_private_ip": "10.0.1.50",
            "association_id": "eipassoc-0b6902f15b5c4203b",
            "customer_owned_ip": "",
            "customer_owned_ipv4_pool": "",
            "domain": "vpc",
            "id": "eipalloc-07edef209abc7edcb",
            "instance": "",
            "network_interface": "eni-0891b6f935f55a047",
            "private_dns": "ip-10-0-1-50.ec2.internal",
            "private_ip": "10.0.1.50",
            "public_dns": "ec2-50-16-102-228.compute-1.amazonaws.com",
            "public_ip": "50.16.102.228",
            "public_ipv4_pool": "amazon",
            "tags": null,
            "timeouts": null,
            "vpc": true
          },
          "private": "eyJlMmJmYjczMC1lY2FhLTExZTYtOGY4OC0zNDM2M2JjN2M0YzAiOnsiZGVsZXRlIjoxODAwMDAwMDAwMDAsInJlYWQiOjkwMDAwMDAwMDAwMCwidXBkYXRlIjozMDAwMDAwMDAwMDB9fQ==",
          "dependencies": [
            "aws_internet_gateway.gw",
            "aws_network_interface.web-server_nic",
            "aws_security_group.allow_web",
            "aws_subnet.subnet-1",
            "aws_vpc.prod-vpc"
          ]
        }
      ]
    },
    {
      "mode": "managed",
      "type": "aws_instance",
      "name": "web-server-instance",
      "provider": "provider[\"registry.terraform.io/hashicorp/aws\"]",
      "instances": [
        {
          "schema_version": 1,
          "attributes": {
            "ami": "ami-05e16100b6f337dda",
            "arn": "arn:aws:ec2:us-east-1:608389591302:instance/i-0901aa3026c8b3387",
            "associate_public_ip_address": true,
            "availability_zone": "us-east-1a",
            "cpu_core_count": 2,
            "cpu_threads_per_core": 2,
            "credit_specification": [],
            "disable_api_termination": false,
            "ebs_block_device": [],
            "ebs_optimized": false,
            "ephemeral_block_device": [],
            "get_password_data": false,
            "hibernation": false,
            "host_id": null,
            "iam_instance_profile": "",
            "id": "i-0901aa3026c8b3387",
            "instance_initiated_shutdown_behavior": null,
            "instance_state": "running",
            "instance_type": "c5.xlarge",
            "ipv6_address_count": 0,
            "ipv6_addresses": [],
            "key_name": "Wordpress-aws1",
            "metadata_options": [
              {
                "http_endpoint": "enabled",
                "http_put_response_hop_limit": 1,
                "http_tokens": "optional"
              }
            ],
            "monitoring": false,
            "network_interface": [
              {
                "delete_on_termination": false,
                "device_index": 0,
                "network_interface_id": "eni-0891b6f935f55a047"
              }
            ],
            "outpost_arn": "",
            "password_data": "",
            "placement_group": "",
            "primary_network_interface_id": "eni-0891b6f935f55a047",
            "private_dns": "ip-10-0-1-50.ec2.internal",
            "private_ip": "10.0.1.50",
            "public_dns": "",
            "public_ip": "50.16.102.228",
            "root_block_device": [
              {
                "delete_on_termination": true,
                "device_name": "/dev/sda1",
                "encrypted": false,
                "iops": 100,
                "kms_key_id": "",
                "volume_id": "vol-0604cddc848913318",
                "volume_size": 8,
                "volume_type": "gp2"
              }
            ],
            "secondary_private_ips": [],
            "security_groups": [],
            "source_dest_check": true,
            "subnet_id": "subnet-00fca6db18762acd8",
            "tags": {
              "Name": "BigBlueButton_Server"
            },
            "tenancy": "default",
            "timeouts": null,
            "user_data": "c80e059272cc280b4cbdf4f1cd01574531bd0cc9",
            "user_data_base64": null,
            "volume_tags": {},
            "vpc_security_group_ids": [
              "sg-0c56c8bb22a121796"
            ]
          },
          "private": "eyJlMmJmYjczMC1lY2FhLTExZTYtOGY4OC0zNDM2M2JjN2M0YzAiOnsiY3JlYXRlIjo2MDAwMDAwMDAwMDAsImRlbGV0ZSI6MTIwMDAwMDAwMDAwMCwidXBkYXRlIjo2MDAwMDAwMDAwMDB9LCJzY2hlbWFfdmVyc2lvbiI6IjEifQ==",
          "dependencies": [
            "aws_eip.one",
            "aws_internet_gateway.gw",
            "aws_network_interface.web-server_nic",
            "aws_security_group.allow_web",
            "aws_subnet.subnet-1",
            "aws_vpc.prod-vpc",
            "data.template_file.script"
          ]
        }
      ]
    },
    {
      "mode": "managed",
      "type": "aws_internet_gateway",
      "name": "gw",
      "provider": "provider[\"registry.terraform.io/hashicorp/aws\"]",
      "instances": [
        {
          "schema_version": 0,
          "attributes": {
            "arn": "arn:aws:ec2:us-east-1:608389591302:internet-gateway/igw-09b3f9452ccbcd6e5",
            "id": "igw-09b3f9452ccbcd6e5",
            "owner_id": "608389591302",
            "tags": null,
            "vpc_id": "vpc-07a051a5365650a1e"
          },
          "private": "bnVsbA==",
          "dependencies": [
            "aws_vpc.prod-vpc"
          ]
        }
      ]
    },
    {
      "mode": "managed",
      "type": "aws_network_interface",
      "name": "web-server_nic",
      "provider": "provider[\"registry.terraform.io/hashicorp/aws\"]",
      "instances": [
        {
          "schema_version": 0,
          "attributes": {
            "attachment": [],
            "description": "",
            "id": "eni-0891b6f935f55a047",
            "mac_address": "12:49:e7:53:0b:eb",
            "outpost_arn": "",
            "private_dns_name": "",
            "private_ip": "10.0.1.50",
            "private_ips": [
              "10.0.1.50"
            ],
            "private_ips_count": 0,
            "security_groups": [
              "sg-0c56c8bb22a121796"
            ],
            "source_dest_check": true,
            "subnet_id": "subnet-00fca6db18762acd8",
            "tags": null
          },
          "private": "bnVsbA==",
          "dependencies": [
            "aws_security_group.allow_web",
            "aws_subnet.subnet-1",
            "aws_vpc.prod-vpc"
          ]
        }
      ]
    },
    {
      "mode": "managed",
      "type": "aws_route53_record",
      "name": "bbb",
      "provider": "provider[\"registry.terraform.io/hashicorp/aws\"]",
      "instances": [
        {
          "schema_version": 2,
          "attributes": {
            "alias": [],
            "allow_overwrite": null,
            "failover_routing_policy": [],
            "fqdn": "bbb1.triple5.in",
            "geolocation_routing_policy": [],
            "health_check_id": null,
            "id": "Z02138043I9MHD337OR5_bbb1.triple5.in_A",
            "latency_routing_policy": [],
            "multivalue_answer_routing_policy": null,
            "name": "bbb1.triple5.in",
            "records": [
              "50.16.102.228"
            ],
            "set_identifier": null,
            "ttl": 300,
            "type": "A",
            "weighted_routing_policy": [],
            "zone_id": "Z02138043I9MHD337OR5"
          },
          "private": "eyJzY2hlbWFfdmVyc2lvbiI6IjIifQ==",
          "dependencies": [
            "aws_eip.one",
            "aws_internet_gateway.gw",
            "aws_network_interface.web-server_nic",
            "aws_security_group.allow_web",
            "aws_subnet.subnet-1",
            "aws_vpc.prod-vpc"
          ]
        }
      ]
    },
    {
      "mode": "managed",
      "type": "aws_route_table",
      "name": "prod-route-table",
      "provider": "provider[\"registry.terraform.io/hashicorp/aws\"]",
      "instances": [
        {
          "schema_version": 0,
          "attributes": {
            "id": "rtb-0747050599709e68d",
            "owner_id": "608389591302",
            "propagating_vgws": [],
            "route": [
              {
                "cidr_block": "",
                "egress_only_gateway_id": "",
                "gateway_id": "igw-09b3f9452ccbcd6e5",
                "instance_id": "",
                "ipv6_cidr_block": "::/0",
                "nat_gateway_id": "",
                "network_interface_id": "",
                "transit_gateway_id": "",
                "vpc_peering_connection_id": ""
              },
              {
                "cidr_block": "0.0.0.0/0",
                "egress_only_gateway_id": "",
                "gateway_id": "igw-09b3f9452ccbcd6e5",
                "instance_id": "",
                "ipv6_cidr_block": "",
                "nat_gateway_id": "",
                "network_interface_id": "",
                "transit_gateway_id": "",
                "vpc_peering_connection_id": ""
              }
            ],
            "tags": {
              "Name": "Prod"
            },
            "vpc_id": "vpc-07a051a5365650a1e"
          },
          "private": "bnVsbA==",
          "dependencies": [
            "aws_internet_gateway.gw",
            "aws_vpc.prod-vpc"
          ]
        }
      ]
    },
    {
      "mode": "managed",
      "type": "aws_route_table_association",
      "name": "a",
      "provider": "provider[\"registry.terraform.io/hashicorp/aws\"]",
      "instances": [
        {
          "schema_version": 0,
          "attributes": {
            "gateway_id": null,
            "id": "rtbassoc-095f4960bbee05b82",
            "route_table_id": "rtb-0747050599709e68d",
            "subnet_id": "subnet-00fca6db18762acd8"
          },
          "private": "bnVsbA==",
          "dependencies": [
            "aws_internet_gateway.gw",
            "aws_route_table.prod-route-table",
            "aws_subnet.subnet-1",
            "aws_vpc.prod-vpc"
          ]
        }
      ]
    },
    {
      "mode": "managed",
      "type": "aws_security_group",
      "name": "allow_web",
      "provider": "provider[\"registry.terraform.io/hashicorp/aws\"]",
      "instances": [
        {
          "schema_version": 1,
          "attributes": {
            "arn": "arn:aws:ec2:us-east-1:608389591302:security-group/sg-0c56c8bb22a121796",
            "description": "Allow web inbound traffic",
            "egress": [
              {
                "cidr_blocks": [
                  "0.0.0.0/0"
                ],
                "description": "",
                "from_port": 0,
                "ipv6_cidr_blocks": [],
                "prefix_list_ids": [],
                "protocol": "-1",
                "security_groups": [],
                "self": false,
                "to_port": 0
              }
            ],
            "id": "sg-0c56c8bb22a121796",
            "ingress": [
              {
                "cidr_blocks": [
                  "0.0.0.0/0"
                ],
                "description": "Big Blue Button Freeswitch",
                "from_port": 16384,
                "ipv6_cidr_blocks": [],
                "prefix_list_ids": [],
                "protocol": "udp",
                "security_groups": [],
                "self": false,
                "to_port": 32768
              },
              {
                "cidr_blocks": [
                  "0.0.0.0/0"
                ],
                "description": "EFS from vpc",
                "from_port": 2049,
                "ipv6_cidr_blocks": [],
                "prefix_list_ids": [],
                "protocol": "tcp",
                "security_groups": [],
                "self": false,
                "to_port": 2049
              },
              {
                "cidr_blocks": [
                  "0.0.0.0/0"
                ],
                "description": "HTTP from VPC",
                "from_port": 80,
                "ipv6_cidr_blocks": [],
                "prefix_list_ids": [],
                "protocol": "tcp",
                "security_groups": [],
                "self": false,
                "to_port": 80
              },
              {
                "cidr_blocks": [
                  "0.0.0.0/0"
                ],
                "description": "HTTPS from VPC",
                "from_port": 443,
                "ipv6_cidr_blocks": [],
                "prefix_list_ids": [],
                "protocol": "tcp",
                "security_groups": [],
                "self": false,
                "to_port": 443
              },
              {
                "cidr_blocks": [
                  "0.0.0.0/0"
                ],
                "description": "Mysql",
                "from_port": 3306,
                "ipv6_cidr_blocks": [],
                "prefix_list_ids": [],
                "protocol": "tcp",
                "security_groups": [],
                "self": false,
                "to_port": 3306
              },
              {
                "cidr_blocks": [
                  "0.0.0.0/0"
                ],
                "description": "SSH from VPC",
                "from_port": 22,
                "ipv6_cidr_blocks": [],
                "prefix_list_ids": [],
                "protocol": "tcp",
                "security_groups": [],
                "self": false,
                "to_port": 22
              }
            ],
            "name": "allow_web_traffic",
            "name_prefix": "",
            "owner_id": "608389591302",
            "revoke_rules_on_delete": false,
            "tags": {
              "Name": "allow_web"
            },
            "timeouts": null,
            "vpc_id": "vpc-07a051a5365650a1e"
          },
          "private": "eyJlMmJmYjczMC1lY2FhLTExZTYtOGY4OC0zNDM2M2JjN2M0YzAiOnsiY3JlYXRlIjo2MDAwMDAwMDAwMDAsImRlbGV0ZSI6NjAwMDAwMDAwMDAwfSwic2NoZW1hX3ZlcnNpb24iOiIxIn0=",
          "dependencies": [
            "aws_vpc.prod-vpc"
          ]
        }
      ]
    },
    {
      "mode": "managed",
      "type": "aws_subnet",
      "name": "subnet-1",
      "provider": "provider[\"registry.terraform.io/hashicorp/aws\"]",
      "instances": [
        {
          "schema_version": 1,
          "attributes": {
            "arn": "arn:aws:ec2:us-east-1:608389591302:subnet/subnet-00fca6db18762acd8",
            "assign_ipv6_address_on_creation": false,
            "availability_zone": "us-east-1a",
            "availability_zone_id": "use1-az2",
            "cidr_block": "10.0.1.0/24",
            "id": "subnet-00fca6db18762acd8",
            "ipv6_cidr_block": "",
            "ipv6_cidr_block_association_id": "",
            "map_public_ip_on_launch": false,
            "outpost_arn": "",
            "owner_id": "608389591302",
            "tags": {
              "Name": "prod-subnet"
            },
            "timeouts": null,
            "vpc_id": "vpc-07a051a5365650a1e"
          },
          "private": "eyJlMmJmYjczMC1lY2FhLTExZTYtOGY4OC0zNDM2M2JjN2M0YzAiOnsiY3JlYXRlIjo2MDAwMDAwMDAwMDAsImRlbGV0ZSI6MTIwMDAwMDAwMDAwMH0sInNjaGVtYV92ZXJzaW9uIjoiMSJ9",
          "dependencies": [
            "aws_vpc.prod-vpc"
          ]
        }
      ]
    },
    {
      "mode": "managed",
      "type": "aws_vpc",
      "name": "prod-vpc",
      "provider": "provider[\"registry.terraform.io/hashicorp/aws\"]",
      "instances": [
        {
          "schema_version": 1,
          "attributes": {
            "arn": "arn:aws:ec2:us-east-1:608389591302:vpc/vpc-07a051a5365650a1e",
            "assign_generated_ipv6_cidr_block": false,
            "cidr_block": "10.0.0.0/16",
            "default_network_acl_id": "acl-0beba2d0f0d138b3c",
            "default_route_table_id": "rtb-01591ace557a2a2c2",
            "default_security_group_id": "sg-07a41851b51adb81a",
            "dhcp_options_id": "dopt-619d5e1b",
            "enable_classiclink": false,
            "enable_classiclink_dns_support": false,
            "enable_dns_hostnames": false,
            "enable_dns_support": true,
            "id": "vpc-07a051a5365650a1e",
            "instance_tenancy": "default",
            "ipv6_association_id": "",
            "ipv6_cidr_block": "",
            "main_route_table_id": "rtb-01591ace557a2a2c2",
            "owner_id": "608389591302",
            "tags": {
              "Name": "production"
            }
          },
          "private": "eyJzY2hlbWFfdmVyc2lvbiI6IjEifQ=="
        }
      ]
    }
  ]
}
